lockfileVersion: 5.4

specifiers:
  '@easy-page/core': ^0.1.11
  '@types/lodash': ^4.14.202
  lodash: ^4.17.21
  mobx: ^6.12.0
  mobx-react: ^9.1.0
  tslib: ^2.6.2

dependencies:
  '@easy-page/core': 0.1.11
  lodash: 4.17.21

devDependencies:
  '@types/lodash': 4.14.202
  mobx: 6.12.0
  mobx-react: 9.1.0_mobx@6.12.0
  tslib: 2.6.2

packages:

  /@easy-page/core/0.1.11:
    resolution: {integrity: sha512-Fui9qLmRDYVhe2xW6PPEl3pOW2SwwtT5nC/6NcNMVMIMydI/it8l3Ar79mpgwRYFZN2BuL7ObnXrYMM02GGrAA==}
    dev: false

  /@types/lodash/4.14.202:
    resolution: {integrity: sha512-OvlIYQK9tNneDlS0VN54LLd5uiPCBOp7gS5Z0f1mjoJYBrtStzgmJBxONW3U6OZqdtNzZPmn9BS/7WI7BFFcFQ==}
    dev: true

  /lodash/4.17.21:
    resolution: {integrity: sha512-v2kDEe57lecTulaDIuNTPy3Ry4gLGJ6Z1O3vE1krgXZNrsQ+LFTGHVxVjcXPs17LhbZVGedAJv8XZ1tvj5FvSg==}
    dev: false

  /mobx-react-lite/4.0.5_mobx@6.12.0:
    resolution: {integrity: sha512-StfB2wxE8imKj1f6T8WWPf4lVMx3cYH9Iy60bbKXEs21+HQ4tvvfIBZfSmMXgQAefi8xYEwQIz4GN9s0d2h7dg==}
    peerDependencies:
      mobx: ^6.9.0
      react: ^16.8.0 || ^17 || ^18
      react-dom: '*'
      react-native: '*'
    peerDependenciesMeta:
      react-dom:
        optional: true
      react-native:
        optional: true
    dependencies:
      mobx: 6.12.0
      use-sync-external-store: 1.2.0
    dev: true

  /mobx-react/9.1.0_mobx@6.12.0:
    resolution: {integrity: sha512-DeDRTYw4AlgHw8xEXtiZdKKEnp+c5/jeUgTbTQXEqnAzfkrgYRWP3p3Nv3Whc2CEcM/mDycbDWGjxKokQdlffg==}
    peerDependencies:
      mobx: ^6.9.0
      react: ^16.8.0 || ^17 || ^18
      react-dom: '*'
      react-native: '*'
    peerDependenciesMeta:
      react-dom:
        optional: true
      react-native:
        optional: true
    dependencies:
      mobx: 6.12.0
      mobx-react-lite: 4.0.5_mobx@6.12.0
    dev: true

  /mobx/6.12.0:
    resolution: {integrity: sha512-Mn6CN6meXEnMa0a5u6a5+RKrqRedHBhZGd15AWLk9O6uFY4KYHzImdt8JI8WODo1bjTSRnwXhJox+FCUZhCKCQ==}
    dev: true

  /tslib/2.6.2:
    resolution: {integrity: sha512-AEYxH93jGFPn/a2iVAwW87VuUIkR1FVUKB77NwMF7nBTDkDrrT/Hpt/IrCJ0QXhW27jTBDcf5ZY7w6RiqTMw2Q==}
    dev: true

  /use-sync-external-store/1.2.0:
    resolution: {integrity: sha512-eEgnFxGQ1Ife9bzYs6VLi8/4X6CObHMw9Qr9tPY43iKwsPw8xE8+EFsf/2cFZ5S3esXgpWgtSCtLNS41F+sKPA==}
    peerDependencies:
      react: ^16.8.0 || ^17.0.0 || ^18.0.0
    dev: true
