lockfileVersion: 5.4

specifiers:
  '@ant-design/icons': ^5.2.6
  '@types/lodash': ^4.14.202
  antd: ^5.12.6
  classnames: ^2.5.1
  lodash: ^4.17.21
  mobx: ^6.12.0
  mobx-react: ^9.1.0

dependencies:
  classnames: 2.5.1
  lodash: 4.17.21

devDependencies:
  '@ant-design/icons': 5.2.6
  '@types/lodash': 4.14.202
  antd: 5.12.8
  mobx: 6.12.0
  mobx-react: 9.1.0_mobx@6.12.0

packages:

  /@ant-design/colors/7.0.2:
    resolution: {integrity: sha512-7KJkhTiPiLHSu+LmMJnehfJ6242OCxSlR3xHVBecYxnMW8MS/878NXct1GqYARyL59fyeFdKRxXTfvR9SnDgJg==}
    dependencies:
      '@ctrl/tinycolor': 3.6.1
    dev: true

  /@ant-design/cssinjs/1.18.2:
    resolution: {integrity: sha512-514V9rjLaFYb3v4s55/8bg2E6fb81b99s3crDZf4nSwtiDLLXs8axnIph+q2TVkY2hbJPZOn/cVsVcnLkzFy7w==}
    peerDependencies:
      react: '>=16.0.0'
      react-dom: '>=16.0.0'
    dependencies:
      '@babel/runtime': 7.23.7
      '@emotion/hash': 0.8.0
      '@emotion/unitless': 0.7.5
      classnames: 2.5.1
      csstype: 3.1.3
      rc-util: 5.38.1
      stylis: 4.3.1
    dev: true

  /@ant-design/icons-svg/4.3.1:
    resolution: {integrity: sha512-4QBZg8ccyC6LPIRii7A0bZUk3+lEDCLnhB+FVsflGdcWPPmV+j3fire4AwwoqHV/BibgvBmR9ZIo4s867smv+g==}
    dev: true

  /@ant-design/icons/5.2.6:
    resolution: {integrity: sha512-4wn0WShF43TrggskBJPRqCD0fcHbzTYjnaoskdiJrVHg86yxoZ8ZUqsXvyn4WUqehRiFKnaclOhqk9w4Ui2KVw==}
    engines: {node: '>=8'}
    peerDependencies:
      react: '>=16.0.0'
      react-dom: '>=16.0.0'
    dependencies:
      '@ant-design/colors': 7.0.2
      '@ant-design/icons-svg': 4.3.1
      '@babel/runtime': 7.23.7
      classnames: 2.5.1
      rc-util: 5.38.1
    dev: true

  /@ant-design/react-slick/1.0.2:
    resolution: {integrity: sha512-Wj8onxL/T8KQLFFiCA4t8eIRGpRR+UPgOdac2sYzonv+i0n3kXHmvHLLiOYL655DQx2Umii9Y9nNgL7ssu5haQ==}
    peerDependencies:
      react: '>=16.9.0'
    dependencies:
      '@babel/runtime': 7.23.7
      classnames: 2.5.1
      json2mq: 0.2.0
      resize-observer-polyfill: 1.5.1
      throttle-debounce: 5.0.0
    dev: true

  /@babel/runtime/7.23.7:
    resolution: {integrity: sha512-w06OXVOFso7LcbzMiDGt+3X7Rh7Ho8MmgPoWU3rarH+8upf+wSU/grlGbWzQyr3DkdN6ZeuMFjpdwW0Q+HxobA==}
    engines: {node: '>=6.9.0'}
    dependencies:
      regenerator-runtime: 0.14.1
    dev: true

  /@ctrl/tinycolor/3.6.1:
    resolution: {integrity: sha512-SITSV6aIXsuVNV3f3O0f2n/cgyEDWoSqtZMYiAmcsYHydcKrOz3gUxB/iXd/Qf08+IZX4KpgNbvUdMBmWz+kcA==}
    engines: {node: '>=10'}
    dev: true

  /@emotion/hash/0.8.0:
    resolution: {integrity: sha512-kBJtf7PH6aWwZ6fka3zQ0p6SBYzx4fl1LoZXE2RrnYST9Xljm7WfKJrU4g/Xr3Beg72MLrp1AWNUmuYJTL7Cow==}
    dev: true

  /@emotion/unitless/0.7.5:
    resolution: {integrity: sha512-OWORNpfjMsSSUBVrRBVGECkhWcULOAJz9ZW8uK9qgxD+87M7jHRcvh/A96XXNhXTLmKcoYSQtBEX7lHMO7YRwg==}
    dev: true

  /@rc-component/color-picker/1.5.1:
    resolution: {integrity: sha512-onyAFhWKXuG4P162xE+7IgaJkPkwM94XlOYnQuu69XdXWMfxpeFi6tpJBsieIMV7EnyLV5J3lDzdLiFeK0iEBA==}
    peerDependencies:
      react: '>=16.9.0'
      react-dom: '>=16.9.0'
    dependencies:
      '@babel/runtime': 7.23.7
      '@ctrl/tinycolor': 3.6.1
      classnames: 2.5.1
      rc-util: 5.38.1
    dev: true

  /@rc-component/context/1.4.0:
    resolution: {integrity: sha512-kFcNxg9oLRMoL3qki0OMxK+7g5mypjgaaJp/pkOis/6rVxma9nJBF/8kCIuTYHUQNr0ii7MxqE33wirPZLJQ2w==}
    peerDependencies:
      react: '>=16.9.0'
      react-dom: '>=16.9.0'
    dependencies:
      '@babel/runtime': 7.23.7
      rc-util: 5.38.1
    dev: true

  /@rc-component/mini-decimal/1.1.0:
    resolution: {integrity: sha512-jS4E7T9Li2GuYwI6PyiVXmxTiM6b07rlD9Ge8uGZSCz3WlzcG5ZK7g5bbuKNeZ9pgUuPK/5guV781ujdVpm4HQ==}
    engines: {node: '>=8.x'}
    dependencies:
      '@babel/runtime': 7.23.7
    dev: true

  /@rc-component/mutate-observer/1.1.0:
    resolution: {integrity: sha512-QjrOsDXQusNwGZPf4/qRQasg7UFEj06XiCJ8iuiq/Io7CrHrgVi6Uuetw60WAMG1799v+aM8kyc+1L/GBbHSlw==}
    engines: {node: '>=8.x'}
    peerDependencies:
      react: '>=16.9.0'
      react-dom: '>=16.9.0'
    dependencies:
      '@babel/runtime': 7.23.7
      classnames: 2.5.1
      rc-util: 5.38.1
    dev: true

  /@rc-component/portal/1.1.2:
    resolution: {integrity: sha512-6f813C0IsasTZms08kfA8kPAGxbbkYToa8ALaiDIGGECU4i9hj8Plgbx0sNJDrey3EtHO30hmdaxtT0138xZcg==}
    engines: {node: '>=8.x'}
    peerDependencies:
      react: '>=16.9.0'
      react-dom: '>=16.9.0'
    dependencies:
      '@babel/runtime': 7.23.7
      classnames: 2.5.1
      rc-util: 5.38.1
    dev: true

  /@rc-component/tour/1.11.1:
    resolution: {integrity: sha512-c9Lw3/oVinj5D64Rsp8aDLOXcgdViE+hq7bj0Qoo8fTuQEh9sSpUw5OZcum943JkjeIE4hLcc5FD4a5ANtMJ4w==}
    engines: {node: '>=8.x'}
    peerDependencies:
      react: '>=16.9.0'
      react-dom: '>=16.9.0'
    dependencies:
      '@babel/runtime': 7.23.7
      '@rc-component/portal': 1.1.2
      '@rc-component/trigger': 1.18.2
      classnames: 2.5.1
      rc-util: 5.38.1
    dev: true

  /@rc-component/trigger/1.18.2:
    resolution: {integrity: sha512-jRLYgFgjLEPq3MvS87fIhcfuywFSRDaDrYw1FLku7Cm4esszvzTbA0JBsyacAyLrK9rF3TiHFcvoEDMzoD3CTA==}
    engines: {node: '>=8.x'}
    peerDependencies:
      react: '>=16.9.0'
      react-dom: '>=16.9.0'
    dependencies:
      '@babel/runtime': 7.23.7
      '@rc-component/portal': 1.1.2
      classnames: 2.5.1
      rc-motion: 2.9.0
      rc-resize-observer: 1.4.0
      rc-util: 5.38.1
    dev: true

  /@types/lodash/4.14.202:
    resolution: {integrity: sha512-OvlIYQK9tNneDlS0VN54LLd5uiPCBOp7gS5Z0f1mjoJYBrtStzgmJBxONW3U6OZqdtNzZPmn9BS/7WI7BFFcFQ==}
    dev: true

  /antd/5.12.8:
    resolution: {integrity: sha512-R2CRcB+aaVZurb3J0IKpBRWq5kW4CLcSqDF58/QBsqYdzK7XjSvM8+eF3rWVRUDbSJfGmyW7I80ywNRYpW1+vA==}
    peerDependencies:
      react: '>=16.9.0'
      react-dom: '>=16.9.0'
    dependencies:
      '@ant-design/colors': 7.0.2
      '@ant-design/cssinjs': 1.18.2
      '@ant-design/icons': 5.2.6
      '@ant-design/react-slick': 1.0.2
      '@ctrl/tinycolor': 3.6.1
      '@rc-component/color-picker': 1.5.1
      '@rc-component/mutate-observer': 1.1.0
      '@rc-component/tour': 1.11.1
      '@rc-component/trigger': 1.18.2
      classnames: 2.5.1
      copy-to-clipboard: 3.3.3
      dayjs: 1.11.10
      qrcode.react: 3.1.0
      rc-cascader: 3.20.0
      rc-checkbox: 3.1.0
      rc-collapse: 3.7.2
      rc-dialog: 9.3.4
      rc-drawer: 6.5.2
      rc-dropdown: 4.1.0
      rc-field-form: 1.41.0
      rc-image: 7.5.1
      rc-input: 1.3.11
      rc-input-number: 8.4.0
      rc-mentions: 2.9.1
      rc-menu: 9.12.4
      rc-motion: 2.9.0
      rc-notification: 5.3.0
      rc-pagination: 4.0.4
      rc-picker: 3.14.6_dayjs@1.11.10
      rc-progress: 3.5.1
      rc-rate: 2.12.0
      rc-resize-observer: 1.4.0
      rc-segmented: 2.2.2
      rc-select: 14.10.0
      rc-slider: 10.5.0
      rc-steps: 6.0.1
      rc-switch: 4.1.0
      rc-table: 7.36.1
      rc-tabs: 12.14.1
      rc-textarea: 1.5.3
      rc-tooltip: 6.1.3
      rc-tree: 5.8.2
      rc-tree-select: 5.15.0
      rc-upload: 4.5.2
      rc-util: 5.38.1
      scroll-into-view-if-needed: 3.1.0
      throttle-debounce: 5.0.0
    transitivePeerDependencies:
      - date-fns
      - luxon
      - moment
    dev: true

  /array-tree-filter/2.1.0:
    resolution: {integrity: sha512-4ROwICNlNw/Hqa9v+rk5h22KjmzB1JGTMVKP2AKJBOCgb0yL0ASf0+YvCcLNNwquOHNX48jkeZIJ3a+oOQqKcw==}
    dev: true

  /async-validator/4.2.5:
    resolution: {integrity: sha512-7HhHjtERjqlNbZtqNqy2rckN/SpOOlmDliet+lP7k+eKZEjPk3DgyeU9lIXLdeLz0uBbbVp+9Qdow9wJWgwwfg==}
    dev: true

  /classnames/2.5.1:
    resolution: {integrity: sha512-saHYOzhIQs6wy2sVxTM6bUDsQO4F50V9RQ22qBpEdCW+I+/Wmke2HOl6lS6dTpdxVhb88/I6+Hs+438c3lfUow==}

  /compute-scroll-into-view/3.1.0:
    resolution: {integrity: sha512-rj8l8pD4bJ1nx+dAkMhV1xB5RuZEyVysfxJqB1pRchh1KVvwOv9b7CGB8ZfjTImVv2oF+sYMUkMZq6Na5Ftmbg==}
    dev: true

  /copy-to-clipboard/3.3.3:
    resolution: {integrity: sha512-2KV8NhB5JqC3ky0r9PMCAZKbUHSwtEo4CwCs0KXgruG43gX5PMqDEBbVU4OUzw2MuAWUfsuFmWvEKG5QRfSnJA==}
    dependencies:
      toggle-selection: 1.0.6
    dev: true

  /csstype/3.1.3:
    resolution: {integrity: sha512-M1uQkMl8rQK/szD0LNhtqxIPLpimGm8sOBwU7lLnCpSbTyY3yeU1Vc7l4KT5zT4s/yOxHH5O7tIuuLOCnLADRw==}
    dev: true

  /dayjs/1.11.10:
    resolution: {integrity: sha512-vjAczensTgRcqDERK0SR2XMwsF/tSvnvlv6VcF2GIhg6Sx4yOIt/irsr1RDJsKiIyBzJDpCoXiWWq28MqH2cnQ==}
    dev: true

  /json2mq/0.2.0:
    resolution: {integrity: sha512-SzoRg7ux5DWTII9J2qkrZrqV1gt+rTaoufMxEzXbS26Uid0NwaJd123HcoB80TgubEppxxIGdNxCx50fEoEWQA==}
    dependencies:
      string-convert: 0.2.1
    dev: true

  /lodash/4.17.21:
    resolution: {integrity: sha512-v2kDEe57lecTulaDIuNTPy3Ry4gLGJ6Z1O3vE1krgXZNrsQ+LFTGHVxVjcXPs17LhbZVGedAJv8XZ1tvj5FvSg==}
    dev: false

  /mobx-react-lite/4.0.5_mobx@6.12.0:
    resolution: {integrity: sha512-StfB2wxE8imKj1f6T8WWPf4lVMx3cYH9Iy60bbKXEs21+HQ4tvvfIBZfSmMXgQAefi8xYEwQIz4GN9s0d2h7dg==}
    peerDependencies:
      mobx: ^6.9.0
      react: ^16.8.0 || ^17 || ^18
      react-dom: '*'
      react-native: '*'
    peerDependenciesMeta:
      react-dom:
        optional: true
      react-native:
        optional: true
    dependencies:
      mobx: 6.12.0
      use-sync-external-store: 1.2.0
    dev: true

  /mobx-react/9.1.0_mobx@6.12.0:
    resolution: {integrity: sha512-DeDRTYw4AlgHw8xEXtiZdKKEnp+c5/jeUgTbTQXEqnAzfkrgYRWP3p3Nv3Whc2CEcM/mDycbDWGjxKokQdlffg==}
    peerDependencies:
      mobx: ^6.9.0
      react: ^16.8.0 || ^17 || ^18
      react-dom: '*'
      react-native: '*'
    peerDependenciesMeta:
      react-dom:
        optional: true
      react-native:
        optional: true
    dependencies:
      mobx: 6.12.0
      mobx-react-lite: 4.0.5_mobx@6.12.0
    dev: true

  /mobx/6.12.0:
    resolution: {integrity: sha512-Mn6CN6meXEnMa0a5u6a5+RKrqRedHBhZGd15AWLk9O6uFY4KYHzImdt8JI8WODo1bjTSRnwXhJox+FCUZhCKCQ==}
    dev: true

  /qrcode.react/3.1.0:
    resolution: {integrity: sha512-oyF+Urr3oAMUG/OiOuONL3HXM+53wvuH3mtIWQrYmsXoAq0DkvZp2RYUWFSMFtbdOpuS++9v+WAkzNVkMlNW6Q==}
    peerDependencies:
      react: ^16.8.0 || ^17.0.0 || ^18.0.0
    dev: true

  /rc-cascader/3.20.0:
    resolution: {integrity: sha512-lkT9EEwOcYdjZ/jvhLoXGzprK1sijT3/Tp4BLxQQcHDZkkOzzwYQC9HgmKoJz0K7CukMfgvO9KqHeBdgE+pELw==}
    peerDependencies:
      react: '>=16.9.0'
      react-dom: '>=16.9.0'
    dependencies:
      '@babel/runtime': 7.23.7
      array-tree-filter: 2.1.0
      classnames: 2.5.1
      rc-select: 14.10.0
      rc-tree: 5.8.2
      rc-util: 5.38.1
    dev: true

  /rc-checkbox/3.1.0:
    resolution: {integrity: sha512-PAwpJFnBa3Ei+5pyqMMXdcKYKNBMS+TvSDiLdDnARnMJHC8ESxwPfm4Ao1gJiKtWLdmGfigascnCpwrHFgoOBQ==}
    peerDependencies:
      react: '>=16.9.0'
      react-dom: '>=16.9.0'
    dependencies:
      '@babel/runtime': 7.23.7
      classnames: 2.5.1
      rc-util: 5.38.1
    dev: true

  /rc-collapse/3.7.2:
    resolution: {integrity: sha512-ZRw6ipDyOnfLFySxAiCMdbHtb5ePAsB9mT17PA6y1mRD/W6KHRaZeb5qK/X9xDV1CqgyxMpzw0VdS74PCcUk4A==}
    peerDependencies:
      react: '>=16.9.0'
      react-dom: '>=16.9.0'
    dependencies:
      '@babel/runtime': 7.23.7
      classnames: 2.5.1
      rc-motion: 2.9.0
      rc-util: 5.38.1
    dev: true

  /rc-dialog/9.3.4:
    resolution: {integrity: sha512-975X3018GhR+EjZFbxA2Z57SX5rnu0G0/OxFgMMvZK4/hQWEm3MHaNvP4wXpxYDoJsp+xUvVW+GB9CMMCm81jA==}
    peerDependencies:
      react: '>=16.9.0'
      react-dom: '>=16.9.0'
    dependencies:
      '@babel/runtime': 7.23.7
      '@rc-component/portal': 1.1.2
      classnames: 2.5.1
      rc-motion: 2.9.0
      rc-util: 5.38.1
    dev: true

  /rc-drawer/6.5.2:
    resolution: {integrity: sha512-QckxAnQNdhh4vtmKN0ZwDf3iakO83W9eZcSKWYYTDv4qcD2fHhRAZJJ/OE6v2ZlQ2kSqCJX5gYssF4HJFvsEPQ==}
    peerDependencies:
      react: '>=16.9.0'
      react-dom: '>=16.9.0'
    dependencies:
      '@babel/runtime': 7.23.7
      '@rc-component/portal': 1.1.2
      classnames: 2.5.1
      rc-motion: 2.9.0
      rc-util: 5.38.1
    dev: true

  /rc-dropdown/4.1.0:
    resolution: {integrity: sha512-VZjMunpBdlVzYpEdJSaV7WM7O0jf8uyDjirxXLZRNZ+tAC+NzD3PXPEtliFwGzVwBBdCmGuSqiS9DWcOLxQ9tw==}
    peerDependencies:
      react: '>=16.11.0'
      react-dom: '>=16.11.0'
    dependencies:
      '@babel/runtime': 7.23.7
      '@rc-component/trigger': 1.18.2
      classnames: 2.5.1
      rc-util: 5.38.1
    dev: true

  /rc-field-form/1.41.0:
    resolution: {integrity: sha512-k9AS0wmxfJfusWDP/YXWTpteDNaQ4isJx9UKxx4/e8Dub4spFeZ54/EuN2sYrMRID/+hUznPgVZeg+Gf7XSYCw==}
    engines: {node: '>=8.x'}
    peerDependencies:
      react: '>=16.9.0'
      react-dom: '>=16.9.0'
    dependencies:
      '@babel/runtime': 7.23.7
      async-validator: 4.2.5
      rc-util: 5.38.1
    dev: true

  /rc-image/7.5.1:
    resolution: {integrity: sha512-Z9loECh92SQp0nSipc0MBuf5+yVC05H/pzC+Nf8xw1BKDFUJzUeehYBjaWlxly8VGBZJcTHYri61Fz9ng1G3Ag==}
    peerDependencies:
      react: '>=16.9.0'
      react-dom: '>=16.9.0'
    dependencies:
      '@babel/runtime': 7.23.7
      '@rc-component/portal': 1.1.2
      classnames: 2.5.1
      rc-dialog: 9.3.4
      rc-motion: 2.9.0
      rc-util: 5.38.1
    dev: true

  /rc-input-number/8.4.0:
    resolution: {integrity: sha512-B6rziPOLRmeP7kcS5qbdC5hXvvDHYKV4vUxmahevYx2E6crS2bRi0xLDjhJ0E1HtOWo8rTmaE2EBJAkTCZOLdA==}
    peerDependencies:
      react: '>=16.9.0'
      react-dom: '>=16.9.0'
    dependencies:
      '@babel/runtime': 7.23.7
      '@rc-component/mini-decimal': 1.1.0
      classnames: 2.5.1
      rc-input: 1.3.11
      rc-util: 5.38.1
    dev: true

  /rc-input/1.3.11:
    resolution: {integrity: sha512-jhH7QP5rILanSHCGSUkdoFE5DEtpv8FIseYhuYkOZzUBeiVAiwM3q26YqZ6xBB0QFEZ/yUAgms4xW4iuub3xFQ==}
    peerDependencies:
      react: '>=16.0.0'
      react-dom: '>=16.0.0'
    dependencies:
      '@babel/runtime': 7.23.7
      classnames: 2.5.1
      rc-util: 5.38.1
    dev: true

  /rc-mentions/2.9.1:
    resolution: {integrity: sha512-cZuElWr/5Ws0PXx1uxobxfYh4mqUw2FitfabR62YnWgm+WAfDyXZXqZg5DxXW+M1cgVvntrQgDDd9LrihrXzew==}
    peerDependencies:
      react: '>=16.9.0'
      react-dom: '>=16.9.0'
    dependencies:
      '@babel/runtime': 7.23.7
      '@rc-component/trigger': 1.18.2
      classnames: 2.5.1
      rc-input: 1.3.11
      rc-menu: 9.12.4
      rc-textarea: 1.5.3
      rc-util: 5.38.1
    dev: true

  /rc-menu/9.12.4:
    resolution: {integrity: sha512-t2NcvPLV1mFJzw4F21ojOoRVofK2rWhpKPx69q2raUsiHPDP6DDevsBILEYdsIegqBeSXoWs2bf6CueBKg3BFg==}
    peerDependencies:
      react: '>=16.9.0'
      react-dom: '>=16.9.0'
    dependencies:
      '@babel/runtime': 7.23.7
      '@rc-component/trigger': 1.18.2
      classnames: 2.5.1
      rc-motion: 2.9.0
      rc-overflow: 1.3.2
      rc-util: 5.38.1
    dev: true

  /rc-motion/2.9.0:
    resolution: {integrity: sha512-XIU2+xLkdIr1/h6ohPZXyPBMvOmuyFZQ/T0xnawz+Rh+gh4FINcnZmMT5UTIj6hgI0VLDjTaPeRd+smJeSPqiQ==}
    peerDependencies:
      react: '>=16.9.0'
      react-dom: '>=16.9.0'
    dependencies:
      '@babel/runtime': 7.23.7
      classnames: 2.5.1
      rc-util: 5.38.1
    dev: true

  /rc-notification/5.3.0:
    resolution: {integrity: sha512-WCf0uCOkZ3HGfF0p1H4Sgt7aWfipxORWTPp7o6prA3vxwtWhtug3GfpYls1pnBp4WA+j8vGIi5c2/hQRpGzPcQ==}
    engines: {node: '>=8.x'}
    peerDependencies:
      react: '>=16.9.0'
      react-dom: '>=16.9.0'
    dependencies:
      '@babel/runtime': 7.23.7
      classnames: 2.5.1
      rc-motion: 2.9.0
      rc-util: 5.38.1
    dev: true

  /rc-overflow/1.3.2:
    resolution: {integrity: sha512-nsUm78jkYAoPygDAcGZeC2VwIg/IBGSodtOY3pMof4W3M9qRJgqaDYm03ZayHlde3I6ipliAxbN0RUcGf5KOzw==}
    peerDependencies:
      react: '>=16.9.0'
      react-dom: '>=16.9.0'
    dependencies:
      '@babel/runtime': 7.23.7
      classnames: 2.5.1
      rc-resize-observer: 1.4.0
      rc-util: 5.38.1
    dev: true

  /rc-pagination/4.0.4:
    resolution: {integrity: sha512-GGrLT4NgG6wgJpT/hHIpL9nELv27A1XbSZzECIuQBQTVSf4xGKxWr6I/jhpRPauYEWEbWVw22ObG6tJQqwJqWQ==}
    peerDependencies:
      react: '>=16.9.0'
      react-dom: '>=16.9.0'
    dependencies:
      '@babel/runtime': 7.23.7
      classnames: 2.5.1
      rc-util: 5.38.1
    dev: true

  /rc-picker/3.14.6_dayjs@1.11.10:
    resolution: {integrity: sha512-AdKKW0AqMwZsKvIpwUWDUnpuGKZVrbxVTZTNjcO+pViGkjC1EBcjMgxVe8tomOEaIHJL5Gd13vS8Rr3zzxWmag==}
    engines: {node: '>=8.x'}
    peerDependencies:
      date-fns: '>= 2.x'
      dayjs: '>= 1.x'
      luxon: '>= 3.x'
      moment: '>= 2.x'
      react: '>=16.9.0'
      react-dom: '>=16.9.0'
    peerDependenciesMeta:
      date-fns:
        optional: true
      dayjs:
        optional: true
      luxon:
        optional: true
      moment:
        optional: true
    dependencies:
      '@babel/runtime': 7.23.7
      '@rc-component/trigger': 1.18.2
      classnames: 2.5.1
      dayjs: 1.11.10
      rc-util: 5.38.1
    dev: true

  /rc-progress/3.5.1:
    resolution: {integrity: sha512-V6Amx6SbLRwPin/oD+k1vbPrO8+9Qf8zW1T8A7o83HdNafEVvAxPV5YsgtKFP+Ud5HghLj33zKOcEHrcrUGkfw==}
    peerDependencies:
      react: '>=16.9.0'
      react-dom: '>=16.9.0'
    dependencies:
      '@babel/runtime': 7.23.7
      classnames: 2.5.1
      rc-util: 5.38.1
    dev: true

  /rc-rate/2.12.0:
    resolution: {integrity: sha512-g092v5iZCdVzbjdn28FzvWebK2IutoVoiTeqoLTj9WM7SjA/gOJIw5/JFZMRyJYYVe1jLAU2UhAfstIpCNRozg==}
    engines: {node: '>=8.x'}
    peerDependencies:
      react: '>=16.9.0'
      react-dom: '>=16.9.0'
    dependencies:
      '@babel/runtime': 7.23.7
      classnames: 2.5.1
      rc-util: 5.38.1
    dev: true

  /rc-resize-observer/1.4.0:
    resolution: {integrity: sha512-PnMVyRid9JLxFavTjeDXEXo65HCRqbmLBw9xX9gfC4BZiSzbLXKzW3jPz+J0P71pLbD5tBMTT+mkstV5gD0c9Q==}
    peerDependencies:
      react: '>=16.9.0'
      react-dom: '>=16.9.0'
    dependencies:
      '@babel/runtime': 7.23.7
      classnames: 2.5.1
      rc-util: 5.38.1
      resize-observer-polyfill: 1.5.1
    dev: true

  /rc-segmented/2.2.2:
    resolution: {integrity: sha512-Mq52M96QdHMsNdE/042ibT5vkcGcD5jxKp7HgPC2SRofpia99P5fkfHy1pEaajLMF/kj0+2Lkq1UZRvqzo9mSA==}
    peerDependencies:
      react: '>=16.0.0'
      react-dom: '>=16.0.0'
    dependencies:
      '@babel/runtime': 7.23.7
      classnames: 2.5.1
      rc-motion: 2.9.0
      rc-util: 5.38.1
    dev: true

  /rc-select/14.10.0:
    resolution: {integrity: sha512-TsIJTYafTTapCA32LLNpx/AD6ntepR1TG8jEVx35NiAAWCPymhUfuca8kRcUNd3WIGVMDcMKn9kkphoxEz+6Ag==}
    engines: {node: '>=8.x'}
    peerDependencies:
      react: '*'
      react-dom: '*'
    dependencies:
      '@babel/runtime': 7.23.7
      '@rc-component/trigger': 1.18.2
      classnames: 2.5.1
      rc-motion: 2.9.0
      rc-overflow: 1.3.2
      rc-util: 5.38.1
      rc-virtual-list: 3.11.3
    dev: true

  /rc-slider/10.5.0:
    resolution: {integrity: sha512-xiYght50cvoODZYI43v3Ylsqiw14+D7ELsgzR40boDZaya1HFa1Etnv9MDkQE8X/UrXAffwv2AcNAhslgYuDTw==}
    engines: {node: '>=8.x'}
    peerDependencies:
      react: '>=16.9.0'
      react-dom: '>=16.9.0'
    dependencies:
      '@babel/runtime': 7.23.7
      classnames: 2.5.1
      rc-util: 5.38.1
    dev: true

  /rc-steps/6.0.1:
    resolution: {integrity: sha512-lKHL+Sny0SeHkQKKDJlAjV5oZ8DwCdS2hFhAkIjuQt1/pB81M0cA0ErVFdHq9+jmPmFw1vJB2F5NBzFXLJxV+g==}
    engines: {node: '>=8.x'}
    peerDependencies:
      react: '>=16.9.0'
      react-dom: '>=16.9.0'
    dependencies:
      '@babel/runtime': 7.23.7
      classnames: 2.5.1
      rc-util: 5.38.1
    dev: true

  /rc-switch/4.1.0:
    resolution: {integrity: sha512-TI8ufP2Az9oEbvyCeVE4+90PDSljGyuwix3fV58p7HV2o4wBnVToEyomJRVyTaZeqNPAp+vqeo4Wnj5u0ZZQBg==}
    peerDependencies:
      react: '>=16.9.0'
      react-dom: '>=16.9.0'
    dependencies:
      '@babel/runtime': 7.23.7
      classnames: 2.5.1
      rc-util: 5.38.1
    dev: true

  /rc-table/7.36.1:
    resolution: {integrity: sha512-9qMxEm/3Y8ukdW8I8ZvmhX0QImfNKzH0JEUlSbyaUlsYTB+/tQEbfaB8YkG4sHVZ1io4pxqK/BXoZYqebi/TIQ==}
    engines: {node: '>=8.x'}
    peerDependencies:
      react: '>=16.9.0'
      react-dom: '>=16.9.0'
    dependencies:
      '@babel/runtime': 7.23.7
      '@rc-component/context': 1.4.0
      classnames: 2.5.1
      rc-resize-observer: 1.4.0
      rc-util: 5.38.1
      rc-virtual-list: 3.11.3
    dev: true

  /rc-tabs/12.14.1:
    resolution: {integrity: sha512-1xlE7JQNYxD5RwBsM7jf2xSdUrkmTSDFLFEm2gqAgnsRlOGydEzXXNAVTOT6QcgM1G/gCm+AgG+FYPUGb4Hs4g==}
    engines: {node: '>=8.x'}
    peerDependencies:
      react: '>=16.9.0'
      react-dom: '>=16.9.0'
    dependencies:
      '@babel/runtime': 7.23.7
      classnames: 2.5.1
      rc-dropdown: 4.1.0
      rc-menu: 9.12.4
      rc-motion: 2.9.0
      rc-resize-observer: 1.4.0
      rc-util: 5.38.1
    dev: true

  /rc-textarea/1.5.3:
    resolution: {integrity: sha512-oH682ghHx++stFNYrosPRBfwsypywrTXpaD0/5Z8MPkUOnyOQUaY9ueL9tMu6BP1LfsuYQ1VLpg5OtshViLNgA==}
    peerDependencies:
      react: '>=16.9.0'
      react-dom: '>=16.9.0'
    dependencies:
      '@babel/runtime': 7.23.7
      classnames: 2.5.1
      rc-input: 1.3.11
      rc-resize-observer: 1.4.0
      rc-util: 5.38.1
    dev: true

  /rc-tooltip/6.1.3:
    resolution: {integrity: sha512-HMSbSs5oieZ7XddtINUddBLSVgsnlaSb3bZrzzGWjXa7/B7nNedmsuz72s7EWFEro9mNa7RyF3gOXKYqvJiTcQ==}
    peerDependencies:
      react: '>=16.9.0'
      react-dom: '>=16.9.0'
    dependencies:
      '@babel/runtime': 7.23.7
      '@rc-component/trigger': 1.18.2
      classnames: 2.5.1
    dev: true

  /rc-tree-select/5.15.0:
    resolution: {integrity: sha512-YJHfdO6azFnR0/JuNBZLDptGE4/RGfVeHAafUIYcm2T3RBkL1O8aVqiHvwIyLzdK59ry0NLrByd+3TkfpRM+9Q==}
    peerDependencies:
      react: '*'
      react-dom: '*'
    dependencies:
      '@babel/runtime': 7.23.7
      classnames: 2.5.1
      rc-select: 14.10.0
      rc-tree: 5.8.2
      rc-util: 5.38.1
    dev: true

  /rc-tree/5.8.2:
    resolution: {integrity: sha512-xH/fcgLHWTLmrSuNphU8XAqV7CdaOQgm4KywlLGNoTMhDAcNR3GVNP6cZzb0GrKmIZ9yae+QLot/cAgUdPRMzg==}
    engines: {node: '>=10.x'}
    peerDependencies:
      react: '*'
      react-dom: '*'
    dependencies:
      '@babel/runtime': 7.23.7
      classnames: 2.5.1
      rc-motion: 2.9.0
      rc-util: 5.38.1
      rc-virtual-list: 3.11.3
    dev: true

  /rc-upload/4.5.2:
    resolution: {integrity: sha512-QO3ne77DwnAPKFn0bA5qJM81QBjQi0e0NHdkvpFyY73Bea2NfITiotqJqVjHgeYPOJu5lLVR32TNGP084aSoXA==}
    peerDependencies:
      react: '>=16.9.0'
      react-dom: '>=16.9.0'
    dependencies:
      '@babel/runtime': 7.23.7
      classnames: 2.5.1
      rc-util: 5.38.1
    dev: true

  /rc-util/5.38.1:
    resolution: {integrity: sha512-e4ZMs7q9XqwTuhIK7zBIVFltUtMSjphuPPQXHoHlzRzNdOwUxDejo0Zls5HYaJfRKNURcsS/ceKVULlhjBrxng==}
    peerDependencies:
      react: '>=16.9.0'
      react-dom: '>=16.9.0'
    dependencies:
      '@babel/runtime': 7.23.7
      react-is: 18.2.0
    dev: true

  /rc-virtual-list/3.11.3:
    resolution: {integrity: sha512-tu5UtrMk/AXonHwHxUogdXAWynaXsrx1i6dsgg+lOo/KJSF8oBAcprh1z5J3xgnPJD5hXxTL58F8s8onokdt0Q==}
    engines: {node: '>=8.x'}
    peerDependencies:
      react: '*'
      react-dom: '*'
    dependencies:
      '@babel/runtime': 7.23.7
      classnames: 2.5.1
      rc-resize-observer: 1.4.0
      rc-util: 5.38.1
    dev: true

  /react-is/18.2.0:
    resolution: {integrity: sha512-xWGDIW6x921xtzPkhiULtthJHoJvBbF3q26fzloPCK0hsvxtPVelvftw3zjbHWSkR2km9Z+4uxbDDK/6Zw9B8w==}
    dev: true

  /regenerator-runtime/0.14.1:
    resolution: {integrity: sha512-dYnhHh0nJoMfnkZs6GmmhFknAGRrLznOu5nc9ML+EJxGvrx6H7teuevqVqCuPcPK//3eDrrjQhehXVx9cnkGdw==}
    dev: true

  /resize-observer-polyfill/1.5.1:
    resolution: {integrity: sha512-LwZrotdHOo12nQuZlHEmtuXdqGoOD0OhaxopaNFxWzInpEgaLWoVuAMbTzixuosCx2nEG58ngzW3vxdWoxIgdg==}
    dev: true

  /scroll-into-view-if-needed/3.1.0:
    resolution: {integrity: sha512-49oNpRjWRvnU8NyGVmUaYG4jtTkNonFZI86MmGRDqBphEK2EXT9gdEUoQPZhuBM8yWHxCWbobltqYO5M4XrUvQ==}
    dependencies:
      compute-scroll-into-view: 3.1.0
    dev: true

  /string-convert/0.2.1:
    resolution: {integrity: sha512-u/1tdPl4yQnPBjnVrmdLo9gtuLvELKsAoRapekWggdiQNvvvum+jYF329d84NAa660KQw7pB2n36KrIKVoXa3A==}
    dev: true

  /stylis/4.3.1:
    resolution: {integrity: sha512-EQepAV+wMsIaGVGX1RECzgrcqRRU/0sYOHkeLsZ3fzHaHXZy4DaOOX0vOlGQdlsjkh3mFHAIlVimpwAs4dslyQ==}
    dev: true

  /throttle-debounce/5.0.0:
    resolution: {integrity: sha512-2iQTSgkkc1Zyk0MeVrt/3BvuOXYPl/R8Z0U2xxo9rjwNciaHDG3R+Lm6dh4EeUci49DanvBnuqI6jshoQQRGEg==}
    engines: {node: '>=12.22'}
    dev: true

  /toggle-selection/1.0.6:
    resolution: {integrity: sha512-BiZS+C1OS8g/q2RRbJmy59xpyghNBqrr6k5L/uKBGRsTfxmu3ffiRnd8mlGPUVayg8pvfi5urfnu8TU7DVOkLQ==}
    dev: true

  /use-sync-external-store/1.2.0:
    resolution: {integrity: sha512-eEgnFxGQ1Ife9bzYs6VLi8/4X6CObHMw9Qr9tPY43iKwsPw8xE8+EFsf/2cFZ5S3esXgpWgtSCtLNS41F+sKPA==}
    peerDependencies:
      react: ^16.8.0 || ^17.0.0 || ^18.0.0
    dev: true
